version = 1
revision = 3
requires-python = ">=3.12"

[[package]]
name = "affine"
version = "3.0.1"
source = { registry = "https://pypi.org/simple" }
dependencies = [
    { name = "attrs" },
]
sdist = { url = "https://files.pythonhosted.org/packages/63/e9/4a4480601992a529c5d0f406605f70ca59aeaef4a6f5ba8905cfde217d0b/affine-3.0.1.tar.gz", hash = "sha256:e1b3c38c5d4d3ef5024a182a6d1bf1e0c51ab221825781c741aeb4d0c079a7e2", size = 20981, upload-time = "2026-08-28T18:38:14.452Z" }
wheels = [
    { url = "https://files.pythonhosted.org/packages/3d/87/e62f55c956b583380e7d2a71705dfd431ee32dd1689d50491ba0c610fc11/affine-3.0.1-py3-none-any.whl", hash = "sha256:cda3b303325e7bf2bf34817e68753a0d1c4cacbdd451fe67c4878dc2ecbaa540", size = 10887, upload-time = "2026-08-28T18:38:12.837Z" },
]

[[package]]
name = "attrs"
version = "26.1.0"
source = { registry = "https://pypi.org/simple" }
sdist = { url = "https://files.pythonhosted.org/packages/9a/8e/82a0fe20a541c03148528be8cac2408564a6c9a0cc7e9171802bc1d26985/attrs-26.1.0.tar.gz", hash = "sha256:d03ceb89cb322a8fd706d4fb91940737b6642aa36998fe130a9bc96c985eff32", size = 952055, upload-time = "2026-03-19T14:22:25.026Z" }
wheels = [
    { url = "https://files.pythonhosted.org/packages/64/b4/17d4b0b2a2dc85a6df63d1157e028ed19f90d4cd97c36717afef2bc2f395/attrs-26.1.0-py3-none-any.whl", hash = "sha256:c647aa4a12dfbad9333ca4e71fe62ddc36f4e63b2d260a37a8b83d2f043ac309", size = 67548, upload-time = "2026-03-19T14:22:23.645Z" },
]

[[package]]
name = "certifi"
version = "2026.7.22"
source = { registry = "https://pypi.org/simple" }
sdist = { url = "https://files.pythonhosted.org/packages/a3/c2/24167ea9858356b47a87a50d39908bfdb72ceeefe0041586e704e5376b3a/certifi-2026.7.22.tar.gz", hash = "sha256:741e2c3b351ddf169a738da9f2c048608ff7f2c5cc02f1ebc6b118bb090d5d55", size = 138112, upload-time = "2026-07-22T03:35:12.644Z" }
wheels = [
    { url = "https://files.pythonhosted.org/packages/0b/a7/71ac2cff56fec219ed242bb11b8efb69fcc4bec75db06fb7bfe35de520e6/certifi-2026.7.22-py3-none-any.whl", hash = "sha256:62f22742b58a1a33014a2b6b706588a8d7e2a88ae7bd1a6ebe8c992928483775", size = 136983, upload-time = "2026-07-22T03:35:11.276Z" },
]

[[package]]
name = "click"
version = "8.5.0"
source = { registry = "https://pypi.org/simple" }
sdist = { url = "https://files.pythonhosted.org/packages/c7/0e/7fa0ef50764b67090eca4114772a2abf8b6148198475e54c660b97caeee6/click-8.5.0.tar.gz", hash = "sha256:ba0d2089de75ea0310e2dde03160e6ca10009947fb95a182f9b54021bb272e34", size = 382235, upload-time = "2026-08-26T13:33:14.56Z" }
wheels = [
    { url = "https://files.pythonhosted.org/packages/58/50/6c0d534c5f134586a8e1ba4e330569e32f057e33372ae556463212fb4cd3/click-8.5.0-py3-none-any.whl", hash = "sha256:255bc9599cf7748b4b1a446ccc735421bd08a2ae529a8b88597d3de5664ee360", size = 125251, upload-time = "2026-08-26T13:33:12.928Z" },
]

[[package]]
name = "numpy"
version = "2.5.4"
source = { registry = "https://pypi.org/simple" }
sdist = { url = "https://files.pythonhosted.org/packages/95/b0/c7453d0b6e2073c3264468b106ee1563750cecc910965e67357e3698c83e/numpy-2.5.4.tar.gz", hash = "sha256:9a94cf751c9ad8ebaa835bcd3d40dacf8534ad086b88c38029b65123c7999d2a", size = 20866315, upload-time = "2026-10-10T20:05:31.422Z" }
wheels = [
    { url = "https://files.pythonhosted.org/packages/d0/97/ba2074e92b7befea137e77ea8471e768bbd87c339b7e8c9f5a931949f977/numpy-2.5.4-cp312-cp312-macosx_10_13_x86_64.whl", hash = "sha256:c6342f54c67093cae5c0227eb0eb772fdb79f2a2c37a6eb278b9909ee06aa356", size = 17001609, upload-time = "2026-10-10T20:02:40.843Z" },
    { url = "https://files.pythonhosted.org/packages/ff/a9/bac826765e971d8e16e2064e9ac7525fd69b40ac17c905033a7f5442023f/numpy-2.5.4-cp312-cp312-macosx_11_0_arm64.whl", hash = "sha256:b11e8fda06a7d69f15ebf542660b74466c2e51094800c1fb794f47ad4faeef17", size = 12015718, upload-time = "2026-10-10T20:02:43.45Z" },
    { url = "https://files.pythonhosted.org/packages/31/2f/5ea3570fcb8ccd0882bea99436a513b2c85dad8f774a2057849130a8fb99/numpy-2.5.4-cp312-cp312-macosx_14_0_arm64.whl", hash = "sha256:9cb18a327b49c5c337f972b03682f6a49855525faaf3c0d3e9c96cd0fd8880a8", size = 5451717, upload-time = "2026-10-10T20:02:46.169Z" },
    { url = "https://files.pythonhosted.org/packages/34/f2/b4fc1bafca03868220b5eaf729d2f21ebd7d7b151c0f9e144fe212bbca35/numpy-2.5.4-cp312-cp312-macosx_14_0_x86_64.whl", hash = "sha256:aec3fc4b32ff82421274f5d205c559c51c840c8df66a78efd7f3612dd005a26a", size = 6789926, upload-time = "2026-10-10T20:02:48.139Z" },
    { url = "https://files.pythonhosted.org/packages/dc/96/8319e2457ae4333c62c815c7006b869a4f60985c1e01024c2f8c6c040fe5/numpy-2.5.4-cp312-cp312-manylinux_2_27_aarch64.manylinux_2_28_aarch64.whl", hash = "sha256:fe4d21ab149f15e4e6043dfb0de87e6e5f34ac176cde83060e9802981fca2ac2", size = 15695312, upload-time = "2026-10-10T20:02:50.115Z" },
    { url = "https://files.pythonhosted.org/packages/43/a3/c799c62e19c337e6d3770b08e475887fb30ce8477d3c09efca6b2f0228a6/numpy-2.5.4-cp312-cp312-manylinux_2_27_x86_64.manylinux_2_28_x86_64.whl", hash = "sha256:fbde6962867ee75b48b0ee29b2b9372ec5d617799dbaf38e82dc0596f2f7738a", size = 16727283, upload-time = "2026-10-10T20:02:53.186Z" },
    { url = "https://files.pythonhosted.org/packages/39/6b/3604e53fb00314d0dc1b94ec9125a1484f649c0a17480b1f0f0c7a9d6250/numpy-2.5.4-cp312-cp312-musllinux_1_2_aarch64.whl", hash = "sha256:381a7a3d2e65e64c0ec302795ab9dc12bb1e73f150904699c153716177eebdaf", size = 17047890, upload-time = "2026-10-10T20:02:56.038Z" },
    { url = "https://files.pythonhosted.org/packages/4a/7a/e8b58a5289a0d464c52885de47c35a935cdd70c03a4c3ab94a5126416dd0/numpy-2.5.4-cp312-cp312-musllinux_1_2_x86_64.whl", hash = "sha256:b89d0aaae2fe498c648f4c4795c084db535af5bd98ef942b2a3681fb74ce8645", size = 18485839, upload-time = "2026-10-10T20:02:59.018Z" },
    { url = "https://files.pythonhosted.org/packages/6f/c9/47094f597015009f310b8c900def59065ef1ff5a6fe7b51fc65ec58ec2c6/numpy-2.5.4-cp312-cp312-win32.whl", hash = "sha256:9968ab7e49b93ac6e1c3b2239732183152c9150f16308d30b66a372cffe3483c", size = 6138936, upload-time = "2026-10-10T20:03:01.626Z" },
    { url = "https://files.pythonhosted.org/packages/12/33/fefe62073dc8acfd0f2b9ed7c003af2f50aa61555e113e6db02b8f79f145/numpy-2.5.4-cp312-cp312-win_amd64.whl", hash = "sha256:a7b1b6353e36a7e50de2973a38d705c88ee93adcf120673cee7f45a4a3fa223a", size = 12573091, upload-time = "2026-10-10T20:03:04.349Z" },
    { url = "https://files.pythonhosted.org/packages/1a/07/161270b0c2eec56e4c905f6d6d22e1b836887b2cb189d3f5820aa588e9dd/numpy-2.5.4-cp312-cp312-win_arm64.whl", hash = "sha256:aa1cce2ff3f8d953de38b76bf44602caeb69f101430208f64a10067f7cb4b1d3", size = 10521630, upload-time = "2026-10-10T20:03:06.767Z" },
    { url = "https://files.pythonhosted.org/packages/67/14/1c3ee0118a8fce08565a5d8482631608426a33af10a01077fada5dc7c119/numpy-2.5.4-cp313-cp313-macosx_10_13_x86_64.whl", hash = "sha256:2377da2dd3ba2c1200956acbab2a358c83b8e1f8531191672d1cd6ad83250d53", size = 16997729, upload-time = "2026-10-10T20:03:09.291Z" },
    { url = "https://files.pythonhosted.org/packages/83/8c/b0ea9477fb1f0d4484bbc5cba21678cc9969704d8d7f3f158d1db35f8e14/numpy-2.5.4-cp313-cp313-macosx_11_0_arm64.whl", hash = "sha256:7415db95818b39ec475a5eea54d9e3b6bc83e3912158e46da3438cdce399804d", size = 12009826, upload-time = "2026-10-10T20:03:11.946Z" },
    { url = "https://files.pythonhosted.org/packages/e2/84/6a3d75b3ba3dfe84ac0053450753d1e6d250a8bf80f66474cc46d1fb643f/numpy-2.5.4-cp313-cp313-macosx_14_0_arm64.whl", hash = "sha256:6d6a71b9d9a97c03633aa12565ef2825ffa036cc1d99cfd50dacf0f128af4fe2", size = 5445803, upload-time = "2026-10-10T20:03:14.329Z" },
    { url = "https://files.pythonhosted.org/packages/61/18/bb993f267ca20b376e07092a16793a5b31ed3138751e9ba480011a14d742/numpy-2.5.4-cp313-cp313-macosx_14_0_x86_64.whl", hash = "sha256:d8200f16437b289a5bb927c6e184eccc3e8389bc0070fea4cd5b9e13c1757959", size = 6786220, upload-time = "2026-10-10T20:03:16.602Z" },
    { url = "https://files.pythonhosted.org/packages/db/b6/135bb0953b61dc21c6cafa14b424ae666944e4899cf140e00c2b322a1a45/numpy-2.5.4-cp313-cp313-manylinux_2_27_aarch64.manylinux_2_28_aarch64.whl", hash = "sha256:1c2e71b04c6cad90026e544501bbe0ab9290fa8a4d845e7e8c0d124fb429c988", size = 15689178, upload-time = "2026-10-10T20:03:18.721Z" },
    { url = "https://files.pythonhosted.org/packages/da/24/3bd070f3269dc609d8f26b2643f62ef91bb415841c0b294805aaf7fe06da/numpy-2.5.4-cp313-cp313-manylinux_2_27_x86_64.manylinux_2_28_x86_64.whl", hash = "sha256:6ffa07666f8da0eef81d149934a626d0d95fbd6838432a33e66245423a9062c0", size = 16718044, upload-time = "2026-10-10T20:03:21.386Z" },
    { url = "https://files.pythonhosted.org/packages/c7/8e/9d15bd356b0a019c965312b1a3c6a727cac4cae5bc40045fbc12ce4cff9c/numpy-2.5.4-cp313-cp313-musllinux_1_2_aarch64.whl", hash = "sha256:2fa3328f784fc8277fc48026f6cad516f5c561c5d8e2e39b3c9e0c8f23223b34", size = 17048364, upload-time = "2026-10-10T20:03:24.468Z" },
    { url = "https://files.pythonhosted.org/packages/dc/fe/9d5b560db964f15871885f2250795d15945f8699e17ef90c0c2ff4c875b2/numpy-2.5.4-cp313-cp313-musllinux_1_2_x86_64.whl", hash = "sha256:b86966fbe4ad7de710422175572bcdc75fdedadfb54bc6fab7deabccddd7780b", size = 18474904, upload-time = "2026-10-10T20:03:27.895Z" },
    { url = "https://files.pythonhosted.org/packages/e9/98/d27552990f1bd611ef3e7466adadc78312ea2df63b83aad47fdc3d3ca8df/numpy-2.5.4-cp313-cp313-win32.whl", hash = "sha256:5258bc06526964be5face2fc6f756857a3f24f21ec3e72ca131337a75b165d6c", size = 6134537, upload-time = "2026-10-10T20:03:30.511Z" },
    { url = "https://files.pythonhosted.org/packages/90/8c/140a40398a66b4471211be1affdb6ed24c486d581bd28d07b7f2fcb69540/numpy-2.5.4-cp313-cp313-win_amd64.whl", hash = "sha256:8b4d2fd2d34e5f8c9235ee787de5631a37a28402b15cb80814df973d2be54129", size = 12566113, upload-time = "2026-10-10T20:03:32.612Z" },
    { url = "https://files.pythonhosted.org/packages/34/52/01d205e5e8ccb27b2b0b141e801f22b830198c979111b0fa44771438d9a9/numpy-2.5.4-cp313-cp313-win_arm64.whl", hash = "sha256:bc39ac66a7a9a3fbd6134fda43136b60ffde99c8f4501e64e0d2b24da137babf", size = 10519523, upload-time = "2026-10-10T20:03:35.163Z" },
    { url = "https://files.pythonhosted.org/packages/99/ba/005cb5edd580d2f84d7ca3206b92dc17d4388e56e6f87ffe8f2762f83139/numpy-2.5.4-cp314-cp314-macosx_10_15_x86_64.whl", hash = "sha256:c668b2f0d651605b58892644b0e302c7157f7159544227758c896982ef384b18", size = 17005499, upload-time = "2026-10-10T20:03:37.961Z" },
    { url = "https://files.pythonhosted.org/packages/f3/49/fee7587c33ee35f7977f9051d7f2023d4e7246d62710c80f20c2361ea232/numpy-2.5.4-cp314-cp314-macosx_11_0_arm64.whl", hash = "sha256:ffa6ce09a1c6a08e9667dd9c97aa0b14184e8d18f2a14b78b2a2328c9147f076", size = 12019666, upload-time = "2026-10-10T20:03:40.606Z" },
    { url = "https://files.pythonhosted.org/packages/d5/b2/c6ce165acffceb15a82c07b9cc77d391f86b3f379ba62911908ae5d34b91/numpy-2.5.4-cp314-cp314-macosx_14_0_arm64.whl", hash = "sha256:956555e0603a4d38019ae6925711cb9dc43195c076a928accf7ea5d50bddfe53", size = 5455617, upload-time = "2026-10-10T20:03:43.138Z" },
    { url = "https://files.pythonhosted.org/packages/77/7f/dd85ce260a669a89be06842cf355d7353a33e6cfbc590fb8ebb947d88dc9/numpy-2.5.4-cp314-cp314-macosx_14_0_x86_64.whl", hash = "sha256:2c2c4afffdeb7920e445028dd71eb932cac3e704792e964bc2a232426d4f1255", size = 6791932, upload-time = "2026-10-10T20:03:44.874Z" },
    { url = "https://files.pythonhosted.org/packages/63/d6/34b0a2b0741386a63025a65a2c09caaaaaad6d0ca95b66cd65c30dd7fcb5/numpy-2.5.4-cp314-cp314-manylinux_2_27_aarch64.manylinux_2_28_aarch64.whl", hash = "sha256:4054173604cd8658796053f1f3bc0befb68ec1c0762c57fdad61e199256a8617", size = 15710899, upload-time = "2026-10-10T20:03:46.839Z" },
    { url = "https://files.pythonhosted.org/packages/16/d5/928078d2b28f26829b138b4a6c3980045022fb409f570657a224ae60ef4e/numpy-2.5.4-cp314-cp314-manylinux_2_27_x86_64.manylinux_2_28_x86_64.whl", hash = "sha256:d549420b8858885cea8838a727842249218b9c1da24dd517e25c9c7a948310a3", size = 16721710, upload-time = "2026-10-10T20:03:49.489Z" },
    { url = "https://files.pythonhosted.org/packages/f9/cf/673fd1b8f4cd78eb6320e87ec4c90ac19c095644259e3749853a405c70f4/numpy-2.5.4-cp314-cp314-musllinux_1_2_aarch64.whl", hash = "sha256:823874a507a84af050493b622affde94b6f7c3a0dc22cb2801381bc03b871c00", size = 17066182, upload-time = "2026-10-10T20:03:52.25Z" },
    { url = "https://files.pythonhosted.org/packages/f3/92/a77b5061b1b3e2643928c37976d79ee173e1b171ed158b7a3c61056b41bc/numpy-2.5.4-cp314-cp314-musllinux_1_2_x86_64.whl", hash = "sha256:4e263278bfb5ee6409db8aedbc4cc32973b1b82bc1e8d3c668551d04d83a7e37", size = 18480315, upload-time = "2026-10-10T20:03:55.39Z" },
    { url = "https://files.pythonhosted.org/packages/bb/1d/1486ef3d3fb2279fd93c4c43c1bbbf1ca389a19816696684409f71babaab/numpy-2.5.4-cp314-cp314-win32.whl", hash = "sha256:cfd73180400042a7c532d30c5e287bdd03c59ff9ee1b4c0316af0539e29dfe23", size = 6185739, upload-time = "2026-10-10T20:03:58.186Z" },
    { url = "https://files.pythonhosted.org/packages/52/9a/e1e512ebc948d5b9dd33b08736760f0ebbed2848fd4eda1f553088a6dcee/numpy-2.5.4-cp314-cp314-win_amd64.whl", hash = "sha256:2ca144f15135b6212a5c47b1e2aeca6e412f102f95a2d5d88d8aec77eb255de3", size = 12703552, upload-time = "2026-10-10T20:04:00.28Z" },
    { url = "https://files.pythonhosted.org/packages/2c/05/de709a982d7bbcd688a3fad71f002e9ff80c2db39e03ee726609b610f1d1/numpy-2.5.4-cp314-cp314-win_arm64.whl", hash = "sha256:468397ba3c64427474706e5c9123fe266395496714dc684294eac75cd4930d1e", size = 10803901, upload-time = "2026-10-10T20:04:02.659Z" },
    { url = "https://files.pythonhosted.org/packages/13/34/083570ada3bb2a30fbe5d77c8c6fef9141144a15d33e6f793a67e9749ab8/numpy-2.5.4-cp314-cp314t-macosx_11_0_arm64.whl", hash = "sha256:1ef3aa6d7e29bb13677323114280b05acc57607fa2300e66432d665d5418a162", size = 12138695, upload-time = "2026-10-10T20:04:05.012Z" },
    { url = "https://files.pythonhosted.org/packages/94/06/1f9c24db48eef0c2d1207e3b11fffb0478e39dfd8c1e1be7476936885eed/numpy-2.5.4-cp314-cp314t-macosx_14_0_arm64.whl", hash = "sha256:98b053943e5a0474ec0da309d2cb9d3f18ea57f8a2067c2ab7b5f763d1068380", size = 5574615, upload-time = "2026-10-10T20:04:07.316Z" },
    { url = "https://files.pythonhosted.org/packages/da/0f/593fba2e1560e949123bc7d2fc48b5893d56e58cd4bd5a273d2fbf60b220/numpy-2.5.4-cp314-cp314t-macosx_14_0_x86_64.whl", hash = "sha256:b64a85f40e154983960a4167d4c1d57a50c7f109b3d3264a3a984154e90a8454", size = 6889383, upload-time = "2026-10-10T20:04:09.918Z" },
    { url = "https://files.pythonhosted.org/packages/eb/9f/b799dfdce4e05e80ed4bc815c71ff343a11533b2c0ffc221cae8538cda63/numpy-2.5.4-cp314-cp314t-manylinux_2_27_aarch64.manylinux_2_28_aarch64.whl", hash = "sha256:a813ed7719bf45463c51779e6a98d0385fe905e48447526938a4b8337333d551", size = 15753763, upload-time = "2026-10-10T20:04:12.278Z" },
    { url = "https://files.pythonhosted.org/packages/34/88/16c5f12f86f5ad2817c4d103205131fc6c8acb3d1878af05a1a4f23ec859/numpy-2.5.4-cp314-cp314t-manylinux_2_27_x86_64.manylinux_2_28_x86_64.whl", hash = "sha256:c9b80cdf5cedba0e90d93fa5f9a333c4d65bd545cd669b71bb97ce2b703c9d73", size = 16757212, upload-time = "2026-10-10T20:04:14.799Z" },
    { url = "https://files.pythonhosted.org/packages/ff/4f/a1fe40e18a898e6a5089f4f0d891f0a493eb0574d5b34458f0fbe5aa3e5c/numpy-2.5.4-cp314-cp314t-musllinux_1_2_aarch64.whl", hash = "sha256:2199ed071f460487c8db2c0e5c0b564494190edb4772fe80f9aad88b2604def5", size = 17116471, upload-time = "2026-10-10T20:04:17.58Z" },
    { url = "https://files.pythonhosted.org/packages/aa/46/e923a11c78e65c1722e7aaad817c06bd591324174b9d28ce5d31eee4d432/numpy-2.5.4-cp314-cp314t-musllinux_1_2_x86_64.whl", hash = "sha256:64f9c9878c1938476365e11ccfb6b770f3b9e5f045ccddc514235041e6959365", size = 18524063, upload-time = "2026-10-10T20:04:20.365Z" },
    { url = "https://files.pythonhosted.org/packages/5a/fa/84ab064514440c1f64a1b21088f2c82756defdd05e07c75ab233899565b2/numpy-2.5.4-cp314-cp314t-win32.whl", hash = "sha256:64d1c8ac28a4077cf987e0a71a7a0ef7e2df70722f07f0baa42dbb7eb6938647", size = 6340926, upload-time = "2026-10-10T20:04:22.865Z" },
    { url = "https://files.pythonhosted.org/packages/7e/7e/6cd886876f435b10685db9b9f7eeb70356f99e052116f4e5f11c5792c714/numpy-2.5.4-cp314-cp314t-win_amd64.whl", hash = "sha256:067374eb538c34c745436365cf7b0112595c1d326f21ce4ff340f61230239fbb", size = 12901584, upload-time = "2026-10-10T20:04:24.99Z" },
    { url = "https://files.pythonhosted.org/packages/38/1b/3c1684f6a06f7307f2335fca6e486cb162847fb97e91d65f8eb5cabad213/numpy-2.5.4-cp314-cp314t-win_arm64.whl", hash = "sha256:e94aef2c639da4a960ad0db8e06471208d8589974953d78b61d345b4eb99e394", size = 10891152, upload-time = "2026-10-10T20:04:27.52Z" },
    { url = "https://files.pythonhosted.org/packages/08/f4/3224deff3af2bef6bc0b175369698d8cb348f3d91d9bb0286cd5c9eae9e0/numpy-2.5.4-cp315-cp315-macosx_10_15_x86_64.whl", hash = "sha256:8dddfbee2e68d26d0d7d7d9cb247b1fd4409241cce32d815a11d97ec2cfde179", size = 17003231, upload-time = "2026-10-10T20:04:30.021Z" },
    { url = "https://files.pythonhosted.org/packages/be/75/fee0b8c6d94b44b2fdfae74f6a4ad5a138739589a8aebaec28ce4e713ed5/numpy-2.5.4-cp315-cp315-macosx_11_0_arm64.whl", hash = "sha256:81e3420b27048b65eb14c3acf0c174a8cb0e023277716110347d2dcb26026dad", size = 12018300, upload-time = "2026-10-10T20:04:32.519Z" },
    { url = "https://files.pythonhosted.org/packages/47/c0/d0b335a499a04b65f532c3f034346ef390f81299060f928492dabc1e0272/numpy-2.5.4-cp315-cp315-macosx_14_0_arm64.whl", hash = "sha256:0b4724a19de67bea8cfc4970798efa78bcbbe2ac2613cfac16721a42d44de2a5", size = 5454250, upload-time = "2026-10-10T20:04:34.943Z" },
    { url = "https://files.pythonhosted.org/packages/5a/0e/461b3783c03d668052e6a21b01b673db6ffcb7831fd32d9aa5368c1cd426/numpy-2.5.4-cp315-cp315-macosx_14_0_x86_64.whl", hash = "sha256:2132418bf8dd124a427ca9e6a1daf9ee1a87185344c95119ceae868b99466da1", size = 6789644, upload-time = "2026-10-10T20:04:37.258Z" },
    { url = "https://files.pythonhosted.org/packages/b3/02/5dad269b02166965a7b4ca14adaddd75dbee0de42435bfecf561b84ba5a6/numpy-2.5.4-cp315-cp315-manylinux_2_27_aarch64.manylinux_2_28_aarch64.whl", hash = "sha256:325518d4245b9e331387702aa58c2ce1dc4cdcbb41dfb4ccd5dcbc7e08db1266", size = 15704353, upload-time = "2026-10-10T20:04:39.616Z" },
    { url = "https://files.pythonhosted.org/packages/93/3a/01360c8036822ed9f7aa32189a77d1476567ec1e8e1383522389e4faac45/numpy-2.5.4-cp315-cp315-manylinux_2_27_x86_64.manylinux_2_28_x86_64.whl", hash = "sha256:56733449d2544178beaa4545cee357370440cf056c197f9c7bfb19dbfdd0e86d", size = 16718648, upload-time = "2026-10-10T20:04:42.383Z" },
    { url = "https://files.pythonhosted.org/packages/7d/5c/b863a2c093c4d6f21a597fcaf24ead0835c09ab16a8312d5a5a8868af683/numpy-2.5.4-cp315-cp315-musllinux_1_2_aarch64.whl", hash = "sha256:5ec3753760c1a6d8bb91200666e545c3a9728e6269dfb5d6ce02340996698aa3", size = 17059053, upload-time = "2026-10-10T20:04:44.976Z" },
    { url = "https://files.pythonhosted.org/packages/0a/60/ced4f57f9a1258a0af74f17cb0b0c2700b5c67cd6678823c803b263e4df3/numpy-2.5.4-cp315-cp315-musllinux_1_2_x86_64.whl", hash = "sha256:b1185012870173de7ae33d370bd45b1cf5baee747ea4b97036b65f4e93016877", size = 18477406, upload-time = "2026-10-10T20:04:47.863Z" },
    { url = "https://files.pythonhosted.org/packages/f9/bd/0ef22dafaafcc7d4bb3ca26b8d2afbd55dedad8eaba99a8c864e1997456f/numpy-2.5.4-cp315-cp315-win32.whl", hash = "sha256:298eca75243f2cbbfdb460560b9fb2a1792a33cf2ab4286efd43d92e8d3df508", size = 6185133, upload-time = "2026-10-10T20:04:50.467Z" },
    { url = "https://files.pythonhosted.org/packages/50/bc/d2651b155ecc608a77e6f4d15495c11f14f19bb98f8bf0c5b0d38f86dda1/numpy-2.5.4-cp315-cp315-win_amd64.whl", hash = "sha256:332f3378fe077dd850e677ec01bdcc4f22368fb5d50ef10b2c79230b1bf5a592", size = 12703085, upload-time = "2026-10-10T20:04:52.63Z" },
    { url = "https://files.pythonhosted.org/packages/dc/d2/45e404f8abb26fb9eda12b94012936873e827b1be76f2ee7890be128312e/numpy-2.5.4-cp315-cp315-win_arm64.whl", hash = "sha256:d4cccbbc78717966f764cd3af4fb70276fa01fc7a2688af11c78901fa5c04f05", size = 10801451, upload-time = "2026-10-10T20:04:55.677Z" },
    { url = "https://files.pythonhosted.org/packages/c6/c3/2ae14e09cfdb67dc187a342e15308a21c15bf4d2071f8079e6aee5fe56dc/numpy-2.5.4-cp315-cp315t-macosx_10_15_x86_64.whl", hash = "sha256:950ea81d57ef070665581b6e1b5f6a029306423cd1739c5b95fe78aa30db6b9d", size = 17097121, upload-time = "2026-10-10T20:04:58.403Z" },
    { url = "https://files.pythonhosted.org/packages/f5/cf/305ae624ef8a039414317224abe9ec9c2fe7ea3c2e1cf204d43ff6b2ffb9/numpy-2.5.4-cp315-cp315t-macosx_11_0_arm64.whl", hash = "sha256:c05ede731b03fb1b7591faca9389ade3267d2bddf1ad8882bb3f2cc5e101694f", size = 12135439, upload-time = "2026-10-10T20:05:01.65Z" },
    { url = "https://files.pythonhosted.org/packages/a9/a8/f75c63813aef95827bb2c0d13b12803016853056e8792c280058cdbfe783/numpy-2.5.4-cp315-cp315t-macosx_14_0_arm64.whl", hash = "sha256:5fbf7141bbfd63aea22f435c9062a032b9ea0082fe9845dad7f021d3f1234e71", size = 5571451, upload-time = "2026-10-10T20:05:04.135Z" },
    { url = "https://files.pythonhosted.org/packages/6f/0f/f17763f983868b5c49b4101ebd7e00760bd1769478a6bb6a8de6e085bbac/numpy-2.5.4-cp315-cp315t-macosx_14_0_x86_64.whl", hash = "sha256:3573cd22564692a5b899ec344e5d5b9cc4576f2985b96f22af3564ed54f2710f", size = 6883356, upload-time = "2026-10-10T20:05:06.249Z" },
    { url = "https://files.pythonhosted.org/packages/67/a7/8af04c5a79e047996cfa38854dcfbececdd0343a7c933a46fdd03ef6f5da/numpy-2.5.4-cp315-cp315t-manylinux_2_27_aarch64.manylinux_2_28_aarch64.whl", hash = "sha256:6c109eac9cd439193678f69d70733c1108487546ca8eafc107b510ae10c1aecd", size = 15750991, upload-time = "2026-10-10T20:05:08.376Z" },
    { url = "https://files.pythonhosted.org/packages/57/7a/648254290d0c504faa8f2d07aa206660c728802c781a6f3fc68ab7cb5d71/numpy-2.5.4-cp315-cp315t-manylinux_2_27_x86_64.manylinux_2_28_x86_64.whl", hash = "sha256:80d6ef6e8620eb2c2b4c4caad50b5935d6db3cde2d51581b55dcc79e14016d1d", size = 16757675, upload-time = "2026-10-10T20:05:11.393Z" },
    { url = "https://files.pythonhosted.org/packages/b8/fe/4a8c3cdb0c70400cfe4c5bec42d3099a5673802a95064614b33e07b82aa1/numpy-2.5.4-cp315-cp315t-musllinux_1_2_aarch64.whl", hash = "sha256:77045a4b175bbf5316ec08003880804336c78f92281a1b72222b274ea85ec5ac", size = 17113846, upload-time = "2026-10-10T20:05:14.49Z" },
    { url = "https://files.pythonhosted.org/packages/1b/7e/619692bb67778702c0e9eb2d468568a7573f4e269386ea61aed01ee4e557/numpy-2.5.4-cp315-cp315t-musllinux_1_2_x86_64.whl", hash = "sha256:0f02a46e49cfb6c73bdb7aea1c0d3461dbae9aba613542b65f657cd3d17b9fab", size = 18522915, upload-time = "2026-10-10T20:05:17.33Z" },
    { url = "https://files.pythonhosted.org/packages/b7/b5/4da41c328788f575838f97a098fe8ca691ebc6f6fd73ad4a262ee40b184d/numpy-2.5.4-cp315-cp315t-win32.whl", hash = "sha256:ad62a416ddcf863bf44bba76fbf6b53366ab0692e294f51cae4b5fbe0d246788", size = 6335804, upload-time = "2026-10-10T20:05:19.921Z" },
    { url = "https://files.pythonhosted.org/packages/98/94/6482ddfa3d312490cb9358f375bf2ad56427dbea8769187158e94d653753/numpy-2.5.4-cp315-cp315t-win_amd64.whl", hash = "sha256:38f47be9f74ab870d2633b5456ae519c43758a8d1fd05342f0ce4ecc034396ee", size = 12890095, upload-time = "2026-10-10T20:05:21.875Z" },
    { url = "https://files.pythonhosted.org/packages/48/7f/c2d1b436b6e7cfebac140c2579a298344b85f2991a2ce5c3615cefb29400/numpy-2.5.4-cp315-cp315t-win_arm64.whl", hash = "sha256:7a14a461d9340f1b46b8648578aed9cdb8b3b018a8fac6c1dde2c9192a01a87f", size = 10883718, upload-time = "2026-10-10T20:05:28.547Z" },
]

[[package]]
name = "pyparsing"
version = "3.3.3"
source = { registry = "https://pypi.org/simple" }
sdist = { url = "https://files.pythonhosted.org/packages/e4/11/b213bebff182584360cb8d17c72c1677fec5c5c228de439e63bcf8ab1c8f/pyparsing-3.3.3.tar.gz", hash = "sha256:928ae7e20211f3b6f3915a72f06a0cfd29ab9d24279dd6346b6b1a7146397d36", size = 1050487, upload-time = "2026-09-20T20:59:05.609Z" }
wheels = [
    { url = "https://files.pythonhosted.org/packages/38/bb/d215ee7c73b61497b28a5503f9f53523f294fcc936762b7caf90e0c1c2b5/pyparsing-3.3.3-py3-none-any.whl", hash = "sha256:ece8c00a69cf01b45d0b1dedabb469c90d8caf996d4fda40f147627a122849a4", size = 126420, upload-time = "2026-09-20T20:59:04.025Z" },
]

[[package]]
name = "rasterio"
version = "1.5.2"
source = { registry = "https://pypi.org/simple" }
dependencies = [
    { name = "affine" },
    { name = "attrs" },
    { name = "certifi" },
    { name = "click" },
    { name = "numpy" },
    { name = "pyparsing" },
]
sdist = { url = "https://files.pythonhosted.org/packages/51/90/bd0a124e164f5fe776084c9731b43ab136b31281a18608e617cdb5f2be70/rasterio-1.5.2.tar.gz", hash = "sha256:e65a15b7bd22ce8f8ce8159856669dc9fafabf66cde6156e8f8e71d55abcd515", size = 458586, upload-time = "2026-09-30T15:57:14.889Z" }
wheels = [
    { url = "https://files.pythonhosted.org/packages/74/db/9937f3e5c779a62c4c1c961d62384220e66f224526bdb57d440dfe34fb34/rasterio-1.5.2-cp312-cp312-macosx_15_0_arm64.whl", hash = "sha256:89821de2f1d9e9f637f9bc0c466a2a6499b2a96db68909e0c21ff7ce6eb5a63e", size = 23461311, upload-time = "2026-09-30T15:55:32.22Z" },
    { url = "https://files.pythonhosted.org/packages/38/d0/a2473a5b6997d58b5c433ace8f31549821012256fd2cf4d7ff9f0743ce42/rasterio-1.5.2-cp312-cp312-macosx_15_0_x86_64.whl", hash = "sha256:078e0486cfd15af4cee62842af71d6fb9e0f2bdab624c14527d929acfde6fe47", size = 25076022, upload-time = "2026-09-30T15:55:35.044Z" },
    { url = "https://files.pythonhosted.org/packages/cc/d8/948607e5f14971026ed2cc0fae1f54582748a8c03ccba0127bde4fd0ada6/rasterio-1.5.2-cp312-cp312-manylinux_2_28_aarch64.whl", hash = "sha256:0459e4d999ed219d8dff48b71523d3643c33d5ce2ec6a793477dc09592f9e84b", size = 37721851, upload-time = "2026-09-30T15:55:37.731Z" },
    { url = "https://files.pythonhosted.org/packages/06/c5/860f1c58249b5229722bcde42b4c9c88766450107977f57d283579a7934b/rasterio-1.5.2-cp312-cp312-manylinux_2_28_x86_64.whl", hash = "sha256:8d0f9c1ba8975fe2980bbef313310982eeea0558f8c8f4989aed5fc6fbeac5c0", size = 39205905, upload-time = "2026-09-30T15:55:40.791Z" },
    { url = "https://files.pythonhosted.org/packages/d4/b7/91643e597cd59c7c74fa6ae1b5f48a6baf04a8b457434e80059fca8c392d/rasterio-1.5.2-cp312-cp312-win_amd64.whl", hash = "sha256:508d8ca45893fea9785128b6206e0347300d015a7dc453822f9d25a376aa3754", size = 30703173, upload-time = "2026-09-30T15:55:43.484Z" },
    { url = "https://files.pythonhosted.org/packages/3e/76/e2ceccbc5fe63db14100780c72a4d3bd5622bc1f807f95a22a096807ea6d/rasterio-1.5.2-cp312-cp312-win_arm64.whl", hash = "sha256:c148628357f43a54d7b26e9ef52ed0be3cc9d3e33456cff6a72ddd8347633287", size = 29568812, upload-time = "2026-09-30T15:55:46.116Z" },
    { url = "https://files.pythonhosted.org/packages/3d/09/6364633f9716019abb748e1f3f8166f108b905d850b73445dd8bd05fb811/rasterio-1.5.2-cp313-cp313-macosx_15_0_arm64.whl", hash = "sha256:de9db8f891c63e6a1d8deb7d4c8fe703795245ad3b2572d35e0ec76b39495f29", size = 23461761, upload-time = "2026-09-30T15:55:48.982Z" },
    { url = "https://files.pythonhosted.org/packages/d8/dd/5dc8460b5e090bf931e1c2e69e8662946eac46b8d426eab7625ec9015b34/rasterio-1.5.2-cp313-cp313-macosx_15_0_x86_64.whl", hash = "sha256:19b8849ac84c6c26208314c7e516062b8aaabc1aa45f06c7edf22d5b098a7f84", size = 25080627, upload-time = "2026-09-30T15:55:51.441Z" },
    { url = "https://files.pythonhosted.org/packages/3c/6b/f8cc1a79b926bd3e10766ad4718082836b6ad433ac72c05c8ed2ac09d382/rasterio-1.5.2-cp313-cp313-manylinux_2_28_aarch64.whl", hash = "sha256:f85cec5d23e7cd8d22a4b4edba11f63a94008c396a03433b8fb260140c00cb90", size = 37640915, upload-time = "2026-09-30T15:55:53.966Z" },
    { url = "https://files.pythonhosted.org/packages/d1/ef/681c3b3a97c9e38035b5f8f36115958568d8be18352fa2c9952c9e88f4a8/rasterio-1.5.2-cp313-cp313-manylinux_2_28_x86_64.whl", hash = "sha256:be2d2a825d545e6c6e8b2aa0d67c963e9ffc44ce3cecbab4ffe95dc87c0fc0de", size = 39113469, upload-time = "2026-09-30T15:55:57.024Z" },
    { url = "https://files.pythonhosted.org/packages/07/e1/bbe71985a0a76403f5189a6c653dc94fe36ddd4a02cc0e3a55d6436e06c2/rasterio-1.5.2-cp313-cp313-win_amd64.whl", hash = "sha256:edbf60e95cb26604b7b884a7edf64a778a0f5ab64aed6f0b7dc9c1664967ae0c", size = 30696523, upload-time = "2026-09-30T15:55:59.565Z" },
    { url = "https://files.pythonhosted.org/packages/c6/ec/09bd48f32f6c6aeea00f9aa664ff1e38ac918223c0bfe378117b9baf62e3/rasterio-1.5.2-cp313-cp313-win_arm64.whl", hash = "sha256:eba030745bd573df0dbecc19ed6a22f6b2037e7b1785170f84115a7c58bea72e", size = 29565599, upload-time = "2026-09-30T15:56:02.251Z" },
    { url = "https://files.pythonhosted.org/packages/04/0f/addcedbdba4f6412290b4bff32c3d7346694acd4035d46353f7179a8e5aa/rasterio-1.5.2-cp314-cp314-macosx_15_0_arm64.whl", hash = "sha256:56dbdfe40d0ab1d1e334cadf8ebd6b9aa16f1ca24102f03bf23027b38fa5b798", size = 23478680, upload-time = "2026-09-30T15:56:04.872Z" },
    { url = "https://files.pythonhosted.org/packages/fe/37/587604d11d46826069009005effe757cbc0caf213909c13b615e966f2168/rasterio-1.5.2-cp314-cp314-macosx_15_0_x86_64.whl", hash = "sha256:947463239e4e5425a056de17af5d46ae65a52ae4a1da4ad46a53dc80d503aaf6", size = 25086301, upload-time = "2026-09-30T15:56:07.569Z" },
    { url = "https://files.pythonhosted.org/packages/00/ca/72249e9b2fa25497697e1dc2ec97d5da57cb448ee2d1a990b6885a102f3b/rasterio-1.5.2-cp314-cp314-manylinux_2_28_aarch64.whl", hash = "sha256:240a42dc5a712e072b2744aa84ca6ee92c132c37593f0ecdfc2c03c61ee07707", size = 37606311, upload-time = "2026-09-30T15:56:10.478Z" },
    { url = "https://files.pythonhosted.org/packages/3a/4b/076b617f21f4373e8563d533fe2becf41f9420f91935056429e89b7e70f3/rasterio-1.5.2-cp314-cp314-manylinux_2_28_x86_64.whl", hash = "sha256:a91052160dbc446e25daf047e8144be2179602892cbaac5287130371eccf6b16", size = 38981926, upload-time = "2026-09-30T15:56:13.403Z" },
    { url = "https://files.pythonhosted.org/packages/9e/78/aa6be241e163d9ce358aa02374e7ff72cb1fb79da6fcc8be6ff4cd5fccbf/rasterio-1.5.2-cp314-cp314-win_amd64.whl", hash = "sha256:09b880424977d9612d90639c8206ebaddfbdff7331435fa7e0435398b3583481", size = 31503006, upload-time = "2026-09-30T15:56:16.44Z" },
    { url = "https://files.pythonhosted.org/packages/6a/c7/16da28d5458e370c0dfd5a6a426d5745f327aa6e9bf61c36362da054a667/rasterio-1.5.2-cp314-cp314-win_arm64.whl", hash = "sha256:15da322ea5e5531073483c8966d17bc941911d669e17a02b71665c05ce9713ef", size = 30413901, upload-time = "2026-09-30T15:56:18.881Z" },
    { url = "https://files.pythonhosted.org/packages/af/92/1a1dd699a188629f14bdc78fde884cfefdf7b4ba66ba2a7288708f318dc2/rasterio-1.5.2-cp314-cp314t-macosx_15_0_arm64.whl", hash = "sha256:d968492267b487ac217878b3275570256eae187f5e99406fdf0dfb7a855d675a", size = 23600724, upload-time = "2026-09-30T15:56:21.8Z" },
    { url = "https://files.pythonhosted.org/packages/3a/7a/57880b160c5b89b4a969eb181c9c8ccdad98e98b019d9a8d293e83911cc7/rasterio-1.5.2-cp314-cp314t-macosx_15_0_x86_64.whl", hash = "sha256:0c9bb43598fb58e3f01f3b2aed8be626fff44eb937c622df7801ed7dd8e728f6", size = 25178062, upload-time = "2026-09-30T15:56:24.379Z" },
    { url = "https://files.pythonhosted.org/packages/f8/67/029150a7a3553dfd3dacf97d70f843b35c23a6b139110385e3478c30c829/rasterio-1.5.2-cp314-cp314t-manylinux_2_28_aarch64.whl", hash = "sha256:9ac0143897e0315cc858dbd5699840d8fa218281e382acfb89b10575c96d5e17", size = 38293300, upload-time = "2026-09-30T15:56:27.433Z" },
    { url = "https://files.pythonhosted.org/packages/9a/1e/0832ac901d4a8065545d8b82045dc6e7f812a9163ef91fbfccc2e8ae587e/rasterio-1.5.2-cp314-cp314t-manylinux_2_28_x86_64.whl", hash = "sha256:f9f3360cc66d1e2172018f9858db5c39e1f0046a5029e07645cff67a009e0801", size = 39326884, upload-time = "2026-09-30T15:56:30.58Z" },
    { url = "https://files.pythonhosted.org/packages/23/a1/f2a3851e4757bb2cd2e66aa533416e8332d8101a7b6ecdfd1728c1edf457/rasterio-1.5.2-cp314-cp314t-win_amd64.whl", hash = "sha256:baf0182ad0e4088289ff453aa3f217f7fee04822430a3a747028d9c8b4ee7299", size = 31619490, upload-time = "2026-09-30T15:56:33.485Z" },
    { url = "https://files.pythonhosted.org/packages/e1/7d/c74f1c39664a209f861ee0bb55b99ff79e73af1c1df8ca4fff2e456bc9d7/rasterio-1.5.2-cp314-cp314t-win_arm64.whl", hash = "sha256:97161fd2a1d63d3ec175a9e48a12bf1ac243cb4681696d7840bcf35f54c7c10c", size = 30503011, upload-time = "2026-09-30T15:56:36.57Z" },
    { url = "https://files.pythonhosted.org/packages/6b/75/351ceb400f8b924cb8b852d313b90e59d7fe604387dc7f0fc96d599e654e/rasterio-1.5.2-cp315-cp315-macosx_15_0_arm64.whl", hash = "sha256:0f268d0fc26963ad25fbda485fefa6a566c99974700a2646630e102a5e943421", size = 23475844, upload-time = "2026-09-30T15:56:39.52Z" },
    { url = "https://files.pythonhosted.org/packages/d7/af/21bfafd25b2d89804105d738ac7ca27d52d19d7abda1fb73920fe12c17d6/rasterio-1.5.2-cp315-cp315-macosx_15_0_x86_64.whl", hash = "sha256:12fe70049207cba191cdc57f5a1edd6b1d8a939163422ff710f82acb12f7e33a", size = 25082383, upload-time = "2026-09-30T15:56:42.123Z" },
    { url = "https://files.pythonhosted.org/packages/51/55/f00bdaa20d616a7ee10e9c1a9c70b96da6066286fac181a355a88e9aa651/rasterio-1.5.2-cp315-cp315-manylinux_2_28_aarch64.whl", hash = "sha256:0f2d222803d4cf8831e742389cff541ece3ed6896e331b0add617bba43ba5d5d", size = 37594753, upload-time = "2026-09-30T15:56:44.682Z" },
    { url = "https://files.pythonhosted.org/packages/d1/82/ae060d1bd8196b0b2b457aa1c2bb357d24037bcdf262a2f370a958967cd1/rasterio-1.5.2-cp315-cp315-manylinux_2_28_x86_64.whl", hash = "sha256:9b27f07663103b73eba772ccf039bd58022c79a074058071fd72aaedb66f4d96", size = 39033484, upload-time = "2026-09-30T15:56:47.707Z" },
    { url = "https://files.pythonhosted.org/packages/be/bb/225f3c4082d9d099c838df7b47c057ce5239b5cf1b9ae1ee9d06d2e0249c/rasterio-1.5.2-cp315-cp315-win_amd64.whl", hash = "sha256:78f7e9a26e294731eb59e887d5502df9d98d7d34580490ee0614fffb2669ad96", size = 31501993, upload-time = "2026-09-30T15:56:50.457Z" },
    { url = "https://files.pythonhosted.org/packages/9c/86/64f17bf988633f403d90b988b94ca6ec610bd986b7305b348f97ef5d7ba7/rasterio-1.5.2-cp315-cp315-win_arm64.whl", hash = "sha256:6fa985ecb32e9e84f1d0143a72c9d55543c55a653a605de435be7779361cbd2c", size = 30412796, upload-time = "2026-09-30T15:56:53.418Z" },
    { url = "https://files.pythonhosted.org/packages/8c/3a/1d3a666725d4e19151e99f9ddc013c058979bd8955db060e9baeafe50b07/rasterio-1.5.2-cp315-cp315t-macosx_15_0_arm64.whl", hash = "sha256:3d0f767b1755f680e0442185695c2fc6e850c1bb275468aa4c56c49e007b713a", size = 23592695, upload-time = "2026-09-30T15:56:56.437Z" },
    { url = "https://files.pythonhosted.org/packages/b7/de/f4bc46df4d5311b9c5ec87bba8a5bbebfb9b85f5c103d09a8b5968cd47bc/rasterio-1.5.2-cp315-cp315t-macosx_15_0_x86_64.whl", hash = "sha256:86aa888d8794210d879db1da6d47a620649ba6e017d610740099c20cd0c3414a", size = 25170588, upload-time = "2026-09-30T15:56:59.427Z" },
    { url = "https://files.pythonhosted.org/packages/b9/2e/d684fa882518a07e4cd82a00bd3feaaf24ab8f38e5379832830cfec9d66a/rasterio-1.5.2-cp315-cp315t-manylinux_2_28_aarch64.whl", hash = "sha256:0278c967ca3e95677add4cefa635baae4596fab17f42b5562da43cf1e71162dd", size = 38245907, upload-time = "2026-09-30T15:57:02.593Z" },
    { url = "https://files.pythonhosted.org/packages/18/33/0b6c3f37fbac3513e5245383e539c4cc84f83aa301a2ef6e12a6151571e9/rasterio-1.5.2-cp315-cp315t-manylinux_2_28_x86_64.whl", hash = "sha256:e47d5dc89b714525755374998910a8e21606cb95f45312775d2186df4e2503e0", size = 39390612, upload-time = "2026-09-30T15:57:06.424Z" },
    { url = "https://files.pythonhosted.org/packages/d4/6c/1565ec5f585610b215b080ca94dab518e2ba09c7b2d8ed8dd852e3eb7522/rasterio-1.5.2-cp315-cp315t-win_amd64.whl", hash = "sha256:3b8bec76f88ebe3437c4b8ecd85b0de7889ddab20e36d4145b7319f72add56fc", size = 31609662, upload-time = "2026-09-30T15:57:09.29Z" },
    { url = "https://files.pythonhosted.org/packages/4f/fd/922c271a56719d865d54403b4bc7bec26021ad780f15c42ab295319542b4/rasterio-1.5.2-cp315-cp315t-win_arm64.whl", hash = "sha256:8a201b3b52b102a210e52ad8ee342f22eb2bbdd3c1c5803b2e6e76e82533f0db", size = 30491831, upload-time = "2026-09-30T15:57:12.282Z" },
]

[[package]]
name = "warp-rs"
version = "0.0.0"
source = { virtual = "." }

[package.dev-dependencies]
cross-check = [
    { name = "affine" },
    { name = "numpy" },
    { name = "rasterio" },
]

[package.metadata]

[package.metadata.requires-dev]
cross-check = [
    { name = "affine", specifier = ">=3.0" },
    { name = "numpy", specifier = ">=2.0" },
    { name = "rasterio", specifier = ">=1.4" },
]
